
Microsoft Visual Studio Solution File, Format Version 11.00
# Visual C# Express 2010
Project("{FAE04EC0-301F-11D3-BF4B-00C04F79EFBC}") = "InciWatch", "InciWatch\InciWatch.csproj", "{39C6B93A-9DC3-48B2-A2ED-0417B3841D50}"
EndProject
Project("{FAE04EC0-301F-11D3-BF4B-00C04F79EFBC}") = "CFAIncidentSource", "CFAIncidentSource\CFAIncidentSource.csproj", "{74E9F4A3-E646-4B17-ABA1-FECCD3F24374}"
EndProject
Project("{FAE04EC0-301F-11D3-BF4B-00C04F79EFBC}") = "SimpleSource", "SimpleSource\SimpleSource.csproj", "{BC1F591B-398B-46A0-93A8-ABD503535488}"
EndProject
Project("{FAE04EC0-301F-11D3-BF4B-00C04F79EFBC}") = "MFBIncidentSource", "MFBIncidentSource\MFBIncidentSource.csproj", "{EF5A0E6F-E77F-4FF2-B539-FB78AB146FE0}"
EndProject
Project("{FAE04EC0-301F-11D3-BF4B-00C04F79EFBC}") = "ACTFBIncidentSource", "ACTFBIncidentSource\ACTFBIncidentSource.csproj", "{B349DEE9-E424-4F92-84DD-9CD15B4F361C}"
EndProject
Global
	GlobalSection(SolutionConfigurationPlatforms) = preSolution
		Debug|Any CPU = Debug|Any CPU
		Release|Any CPU = Release|Any CPU
	EndGlobalSection
	GlobalSection(ProjectConfigurationPlatforms) = postSolution
		{39C6B93A-9DC3-48B2-A2ED-0417B3841D50}.Debug|Any CPU.ActiveCfg = Debug|Any CPU
		{39C6B93A-9DC3-48B2-A2ED-0417B3841D50}.Debug|Any CPU.Build.0 = Debug|Any CPU
		{39C6B93A-9DC3-48B2-A2ED-0417B3841D50}.Release|Any CPU.ActiveCfg = Release|Any CPU
		{39C6B93A-9DC3-48B2-A2ED-0417B3841D50}.Release|Any CPU.Build.0 = Release|Any CPU
		{74E9F4A3-E646-4B17-ABA1-FECCD3F24374}.Debug|Any CPU.ActiveCfg = Debug|Any CPU
		{74E9F4A3-E646-4B17-ABA1-FECCD3F24374}.Debug|Any CPU.Build.0 = Debug|Any CPU
		{74E9F4A3-E646-4B17-ABA1-FECCD3F24374}.Release|Any CPU.ActiveCfg = Release|Any CPU
		{74E9F4A3-E646-4B17-ABA1-FECCD3F24374}.Release|Any CPU.Build.0 = Release|Any CPU
		{BC1F591B-398B-46A0-93A8-ABD503535488}.Debug|Any CPU.ActiveCfg = Debug|Any CPU
		{BC1F591B-398B-46A0-93A8-ABD503535488}.Debug|Any CPU.Build.0 = Debug|Any CPU
		{BC1F591B-398B-46A0-93A8-ABD503535488}.Release|Any CPU.ActiveCfg = Release|Any CPU
		{BC1F591B-398B-46A0-93A8-ABD503535488}.Release|Any CPU.Build.0 = Release|Any CPU
		{EF5A0E6F-E77F-4FF2-B539-FB78AB146FE0}.Debug|Any CPU.ActiveCfg = Debug|Any CPU
		{EF5A0E6F-E77F-4FF2-B539-FB78AB146FE0}.Debug|Any CPU.Build.0 = Debug|Any CPU
		{EF5A0E6F-E77F-4FF2-B539-FB78AB146FE0}.Release|Any CPU.ActiveCfg = Release|Any CPU
		{EF5A0E6F-E77F-4FF2-B539-FB78AB146FE0}.Release|Any CPU.Build.0 = Release|Any CPU
		{B349DEE9-E424-4F92-84DD-9CD15B4F361C}.Debug|Any CPU.ActiveCfg = Debug|Any CPU
		{B349DEE9-E424-4F92-84DD-9CD15B4F361C}.Debug|Any CPU.Build.0 = Debug|Any CPU
		{B349DEE9-E424-4F92-84DD-9CD15B4F361C}.Release|Any CPU.ActiveCfg = Release|Any CPU
		{B349DEE9-E424-4F92-84DD-9CD15B4F361C}.Release|Any CPU.Build.0 = Release|Any CPU
	EndGlobalSection
	GlobalSection(SolutionProperties) = preSolution
		HideSolutionNode = FALSE
	EndGlobalSection
EndGlobal
